
Microsoft Visual Studio Solution File, Format Version 12.00
# Visual Studio 2012
Project("{FAE04EC0-301F-11D3-BF4B-00C04F79EFBC}") = "GIS_PointsInRadius", "GIS_PointsInRadius\GIS_PointsInRadius.csproj", "{5372CA91-6C86-4D4C-97FB-D2CD25A7900A}"
EndProject
Project("{FAE04EC0-301F-11D3-BF4B-00C04F79EFBC}") = "GIS.Data", "GIS.Data\GIS.Data.csproj", "{B9C5426E-D6A0-4558-9494-90696168C934}"
EndProject
Project("{FAE04EC0-301F-11D3-BF4B-00C04F79EFBC}") = "GIS.Data.Generate", "GIS.Data.Generate\GIS.Data.Generate.csproj", "{4E9880C1-0D48-4AF9-A914-46C345B5189C}"
EndProject
Project("{FAE04EC0-301F-11D3-BF4B-00C04F79EFBC}") = "GIS.WebAPI", "GIS.WebAPI\GIS.WebAPI.csproj", "{15097970-6A13-4FD5-BF31-D2E80E99D3EE}"
EndProject
Global
	GlobalSection(SolutionConfigurationPlatforms) = preSolution
		Debug|Any CPU = Debug|Any CPU
		Release|Any CPU = Release|Any CPU
	EndGlobalSection
	GlobalSection(ProjectConfigurationPlatforms) = postSolution
		{5372CA91-6C86-4D4C-97FB-D2CD25A7900A}.Debug|Any CPU.ActiveCfg = Debug|Any CPU
		{5372CA91-6C86-4D4C-97FB-D2CD25A7900A}.Debug|Any CPU.Build.0 = Debug|Any CPU
		{5372CA91-6C86-4D4C-97FB-D2CD25A7900A}.Release|Any CPU.ActiveCfg = Release|Any CPU
		{5372CA91-6C86-4D4C-97FB-D2CD25A7900A}.Release|Any CPU.Build.0 = Release|Any CPU
		{B9C5426E-D6A0-4558-9494-90696168C934}.Debug|Any CPU.ActiveCfg = Debug|Any CPU
		{B9C5426E-D6A0-4558-9494-90696168C934}.Debug|Any CPU.Build.0 = Debug|Any CPU
		{B9C5426E-D6A0-4558-9494-90696168C934}.Release|Any CPU.ActiveCfg = Release|Any CPU
		{B9C5426E-D6A0-4558-9494-90696168C934}.Release|Any CPU.Build.0 = Release|Any CPU
		{4E9880C1-0D48-4AF9-A914-46C345B5189C}.Debug|Any CPU.ActiveCfg = Debug|Any CPU
		{4E9880C1-0D48-4AF9-A914-46C345B5189C}.Debug|Any CPU.Build.0 = Debug|Any CPU
		{4E9880C1-0D48-4AF9-A914-46C345B5189C}.Release|Any CPU.ActiveCfg = Release|Any CPU
		{4E9880C1-0D48-4AF9-A914-46C345B5189C}.Release|Any CPU.Build.0 = Release|Any CPU
		{15097970-6A13-4FD5-BF31-D2E80E99D3EE}.Debug|Any CPU.ActiveCfg = Debug|Any CPU
		{15097970-6A13-4FD5-BF31-D2E80E99D3EE}.Debug|Any CPU.Build.0 = Debug|Any CPU
		{15097970-6A13-4FD5-BF31-D2E80E99D3EE}.Release|Any CPU.ActiveCfg = Release|Any CPU
		{15097970-6A13-4FD5-BF31-D2E80E99D3EE}.Release|Any CPU.Build.0 = Release|Any CPU
	EndGlobalSection
	GlobalSection(SolutionProperties) = preSolution
		HideSolutionNode = FALSE
	EndGlobalSection
EndGlobal
